{
  "name": "roundonejs",
  "version": "1.0.0",
  "lockfileVersion": 1,
  "requires": true,
  "dependencies": {
    "roundonejs_mugen_renderer": {
      "version": "git+https://github.com/roundonejs/roundonejs_mugen_renderer.git#5efa7114b4a67a6d664db410bc4bbd3672b99950",
      "from": "git+https://github.com/roundonejs/roundonejs_mugen_renderer.git"
    },
    "typescript": {
      "version": "4.2.2",
      "resolved": "https://registry.npmjs.org/typescript/-/typescript-4.2.2.tgz",
      "integrity": "sha512-tbb+NVrLfnsJy3M59lsDgrzWIflR4d4TIUjz+heUnHZwdF7YsrMTKoRERiIvI2lvBG95dfpLxB21WZhys1bgaQ==",
      "dev": true
    }
  }
}
